
Microsoft Visual Studio Solution File, Format Version 12.00
Project("{FAE04EC0-301F-11D3-BF4B-00C04F79EFBC}") = "Avonale.Products.API", "Avonale.Products.API\Avonale.Products.API.csproj", "{86D08640-499E-469A-A073-31F69F9D5EF2}"
EndProject
Project("{2150E333-8FDC-42A3-9474-1A3956D46DE8}") = "src", "src", "{CE316781-13A3-4BA4-87EA-B0F2D240CA30}"
EndProject
Project("{2150E333-8FDC-42A3-9474-1A3956D46DE8}") = "services", "services", "{C427BF34-024A-4592-AF7D-AB0CF7954A16}"
EndProject
Project("{2150E333-8FDC-42A3-9474-1A3956D46DE8}") = "Product", "Product", "{4ED1879A-B68C-478C-9967-314789582B04}"
EndProject
Project("{FAE04EC0-301F-11D3-BF4B-00C04F79EFBC}") = "Avonale.Products.Data", "Avonale.Products.Data\Avonale.Products.Data.csproj", "{13F0C2C7-F8C3-4602-AAC3-25B55696A3C5}"
EndProject
Project("{FAE04EC0-301F-11D3-BF4B-00C04F79EFBC}") = "Avonale.Products.Domain", "Avonale.Products.Domain\Avonale.Products.Domain.csproj", "{48344394-9471-464B-B8FF-9E971E3D6DEA}"
EndProject
Project("{FAE04EC0-301F-11D3-BF4B-00C04F79EFBC}") = "Avonale.Products.Infra.CrossCutting.Ioc", "Avonale.Products.Infra.CrossCutting.Ioc\Avonale.Products.Infra.CrossCutting.Ioc.csproj", "{8969F42C-502A-479A-B461-2D8932BD8B9B}"
EndProject
Project("{FAE04EC0-301F-11D3-BF4B-00C04F79EFBC}") = "Avonale.Products.Application", "Avonale.Products.Application\Avonale.Products.Application.csproj", "{01161AE1-D9F3-4B31-A2F7-6623F6BA7201}"
EndProject
Project("{2150E333-8FDC-42A3-9474-1A3956D46DE8}") = "BuildingBlocks", "BuildingBlocks", "{680BAA1B-6EB8-49D8-A640-D2CBC4A2815B}"
EndProject
Project("{2150E333-8FDC-42A3-9474-1A3956D46DE8}") = "Core", "Core", "{54482139-7E95-4FA0-B274-468AF2EA4CA5}"
EndProject
Project("{FAE04EC0-301F-11D3-BF4B-00C04F79EFBC}") = "Core", "Core\Core.csproj", "{F6994234-8FD4-4395-8EBE-4E50DA6A96DD}"
EndProject
Project("{FAE04EC0-301F-11D3-BF4B-00C04F79EFBC}") = "Avonale.Products.Shared.Core", "Avonale.Products.Shared.Core\Avonale.Products.Shared.Core.csproj", "{E3B7931E-02EF-4819-A837-A24A1D8B71D4}"
EndProject
Project("{2150E333-8FDC-42A3-9474-1A3956D46DE8}") = "Payment", "Payment", "{C4B27AC3-F663-47B9-BB06-982C5B66B936}"
EndProject
Project("{FAE04EC0-301F-11D3-BF4B-00C04F79EFBC}") = "Avonale.Payment.API", "Avonale.Payment.API\Avonale.Payment.API.csproj", "{6EF7409A-6518-4A5F-A3F4-E261E2BA3EB9}"
EndProject
Project("{FAE04EC0-301F-11D3-BF4B-00C04F79EFBC}") = "Avonale.Payment.Service", "Avonale.Payment.Service\Avonale.Payment.Service.csproj", "{FD236DCE-66D3-4DC7-9597-F4B192E50137}"
EndProject
Project("{2150E333-8FDC-42A3-9474-1A3956D46DE8}") = "MessageBus", "MessageBus", "{AA49698B-80A8-4E07-821A-2D3A47C8A2DE}"
EndProject
Project("{FAE04EC0-301F-11D3-BF4B-00C04F79EFBC}") = "Avonale.MessageBus", "Avonale.MessageBus\Avonale.MessageBus.csproj", "{8535CD20-78D7-4AA5-9307-DAE637ADFA58}"
EndProject
Project("{FAE04EC0-301F-11D3-BF4B-00C04F79EFBC}") = "Avonale.Payment.Application", "Avonale.Payment.Application\Avonale.Payment.Application.csproj", "{CCF94FEA-43AF-4C1B-A72C-ABE5B1DC60DE}"
EndProject
Project("{FAE04EC0-301F-11D3-BF4B-00C04F79EFBC}") = "Avonale.Payment.Infra.CrossCutting.IoC", "Avonale.Payment.Infra.CrossCutting.IoC\Avonale.Payment.Infra.CrossCutting.IoC.csproj", "{FDF506F7-41BB-430C-B86B-76A82F6DDE6B}"
EndProject
Project("{FAE04EC0-301F-11D3-BF4B-00C04F79EFBC}") = "Avonale.Products.Test", "Avonale.Products.Test\Avonale.Products.Test.csproj", "{F4DAA782-3D41-4811-BD64-43C768B0E0E8}"
EndProject
Global
	GlobalSection(SolutionConfigurationPlatforms) = preSolution
		Debug|Any CPU = Debug|Any CPU
		Release|Any CPU = Release|Any CPU
	EndGlobalSection
	GlobalSection(ProjectConfigurationPlatforms) = postSolution
		{86D08640-499E-469A-A073-31F69F9D5EF2}.Debug|Any CPU.ActiveCfg = Debug|Any CPU
		{86D08640-499E-469A-A073-31F69F9D5EF2}.Debug|Any CPU.Build.0 = Debug|Any CPU
		{86D08640-499E-469A-A073-31F69F9D5EF2}.Release|Any CPU.ActiveCfg = Release|Any CPU
		{86D08640-499E-469A-A073-31F69F9D5EF2}.Release|Any CPU.Build.0 = Release|Any CPU
		{13F0C2C7-F8C3-4602-AAC3-25B55696A3C5}.Debug|Any CPU.ActiveCfg = Debug|Any CPU
		{13F0C2C7-F8C3-4602-AAC3-25B55696A3C5}.Debug|Any CPU.Build.0 = Debug|Any CPU
		{13F0C2C7-F8C3-4602-AAC3-25B55696A3C5}.Release|Any CPU.ActiveCfg = Release|Any CPU
		{13F0C2C7-F8C3-4602-AAC3-25B55696A3C5}.Release|Any CPU.Build.0 = Release|Any CPU
		{48344394-9471-464B-B8FF-9E971E3D6DEA}.Debug|Any CPU.ActiveCfg = Debug|Any CPU
		{48344394-9471-464B-B8FF-9E971E3D6DEA}.Debug|Any CPU.Build.0 = Debug|Any CPU
		{48344394-9471-464B-B8FF-9E971E3D6DEA}.Release|Any CPU.ActiveCfg = Release|Any CPU
		{48344394-9471-464B-B8FF-9E971E3D6DEA}.Release|Any CPU.Build.0 = Release|Any CPU
		{8969F42C-502A-479A-B461-2D8932BD8B9B}.Debug|Any CPU.ActiveCfg = Debug|Any CPU
		{8969F42C-502A-479A-B461-2D8932BD8B9B}.Debug|Any CPU.Build.0 = Debug|Any CPU
		{8969F42C-502A-479A-B461-2D8932BD8B9B}.Release|Any CPU.ActiveCfg = Release|Any CPU
		{8969F42C-502A-479A-B461-2D8932BD8B9B}.Release|Any CPU.Build.0 = Release|Any CPU
		{01161AE1-D9F3-4B31-A2F7-6623F6BA7201}.Debug|Any CPU.ActiveCfg = Debug|Any CPU
		{01161AE1-D9F3-4B31-A2F7-6623F6BA7201}.Debug|Any CPU.Build.0 = Debug|Any CPU
		{01161AE1-D9F3-4B31-A2F7-6623F6BA7201}.Release|Any CPU.ActiveCfg = Release|Any CPU
		{01161AE1-D9F3-4B31-A2F7-6623F6BA7201}.Release|Any CPU.Build.0 = Release|Any CPU
		{F6994234-8FD4-4395-8EBE-4E50DA6A96DD}.Debug|Any CPU.ActiveCfg = Debug|Any CPU
		{F6994234-8FD4-4395-8EBE-4E50DA6A96DD}.Debug|Any CPU.Build.0 = Debug|Any CPU
		{F6994234-8FD4-4395-8EBE-4E50DA6A96DD}.Release|Any CPU.ActiveCfg = Release|Any CPU
		{F6994234-8FD4-4395-8EBE-4E50DA6A96DD}.Release|Any CPU.Build.0 = Release|Any CPU
		{E3B7931E-02EF-4819-A837-A24A1D8B71D4}.Debug|Any CPU.ActiveCfg = Debug|Any CPU
		{E3B7931E-02EF-4819-A837-A24A1D8B71D4}.Debug|Any CPU.Build.0 = Debug|Any CPU
		{E3B7931E-02EF-4819-A837-A24A1D8B71D4}.Release|Any CPU.ActiveCfg = Release|Any CPU
		{E3B7931E-02EF-4819-A837-A24A1D8B71D4}.Release|Any CPU.Build.0 = Release|Any CPU
		{6EF7409A-6518-4A5F-A3F4-E261E2BA3EB9}.Debug|Any CPU.ActiveCfg = Debug|Any CPU
		{6EF7409A-6518-4A5F-A3F4-E261E2BA3EB9}.Debug|Any CPU.Build.0 = Debug|Any CPU
		{6EF7409A-6518-4A5F-A3F4-E261E2BA3EB9}.Release|Any CPU.ActiveCfg = Release|Any CPU
		{6EF7409A-6518-4A5F-A3F4-E261E2BA3EB9}.Release|Any CPU.Build.0 = Release|Any CPU
		{FD236DCE-66D3-4DC7-9597-F4B192E50137}.Debug|Any CPU.ActiveCfg = Debug|Any CPU
		{FD236DCE-66D3-4DC7-9597-F4B192E50137}.Debug|Any CPU.Build.0 = Debug|Any CPU
		{FD236DCE-66D3-4DC7-9597-F4B192E50137}.Release|Any CPU.ActiveCfg = Release|Any CPU
		{FD236DCE-66D3-4DC7-9597-F4B192E50137}.Release|Any CPU.Build.0 = Release|Any CPU
		{8535CD20-78D7-4AA5-9307-DAE637ADFA58}.Debug|Any CPU.ActiveCfg = Debug|Any CPU
		{8535CD20-78D7-4AA5-9307-DAE637ADFA58}.Debug|Any CPU.Build.0 = Debug|Any CPU
		{8535CD20-78D7-4AA5-9307-DAE637ADFA58}.Release|Any CPU.ActiveCfg = Release|Any CPU
		{8535CD20-78D7-4AA5-9307-DAE637ADFA58}.Release|Any CPU.Build.0 = Release|Any CPU
		{CCF94FEA-43AF-4C1B-A72C-ABE5B1DC60DE}.Debug|Any CPU.ActiveCfg = Debug|Any CPU
		{CCF94FEA-43AF-4C1B-A72C-ABE5B1DC60DE}.Debug|Any CPU.Build.0 = Debug|Any CPU
		{CCF94FEA-43AF-4C1B-A72C-ABE5B1DC60DE}.Release|Any CPU.ActiveCfg = Release|Any CPU
		{CCF94FEA-43AF-4C1B-A72C-ABE5B1DC60DE}.Release|Any CPU.Build.0 = Release|Any CPU
		{FDF506F7-41BB-430C-B86B-76A82F6DDE6B}.Debug|Any CPU.ActiveCfg = Debug|Any CPU
		{FDF506F7-41BB-430C-B86B-76A82F6DDE6B}.Debug|Any CPU.Build.0 = Debug|Any CPU
		{FDF506F7-41BB-430C-B86B-76A82F6DDE6B}.Release|Any CPU.ActiveCfg = Release|Any CPU
		{FDF506F7-41BB-430C-B86B-76A82F6DDE6B}.Release|Any CPU.Build.0 = Release|Any CPU
		{F4DAA782-3D41-4811-BD64-43C768B0E0E8}.Debug|Any CPU.ActiveCfg = Debug|Any CPU
		{F4DAA782-3D41-4811-BD64-43C768B0E0E8}.Debug|Any CPU.Build.0 = Debug|Any CPU
		{F4DAA782-3D41-4811-BD64-43C768B0E0E8}.Release|Any CPU.ActiveCfg = Release|Any CPU
		{F4DAA782-3D41-4811-BD64-43C768B0E0E8}.Release|Any CPU.Build.0 = Release|Any CPU
	EndGlobalSection
	GlobalSection(NestedProjects) = preSolution
		{C427BF34-024A-4592-AF7D-AB0CF7954A16} = {CE316781-13A3-4BA4-87EA-B0F2D240CA30}
		{4ED1879A-B68C-478C-9967-314789582B04} = {C427BF34-024A-4592-AF7D-AB0CF7954A16}
		{86D08640-499E-469A-A073-31F69F9D5EF2} = {4ED1879A-B68C-478C-9967-314789582B04}
		{13F0C2C7-F8C3-4602-AAC3-25B55696A3C5} = {4ED1879A-B68C-478C-9967-314789582B04}
		{48344394-9471-464B-B8FF-9E971E3D6DEA} = {4ED1879A-B68C-478C-9967-314789582B04}
		{8969F42C-502A-479A-B461-2D8932BD8B9B} = {4ED1879A-B68C-478C-9967-314789582B04}
		{01161AE1-D9F3-4B31-A2F7-6623F6BA7201} = {4ED1879A-B68C-478C-9967-314789582B04}
		{680BAA1B-6EB8-49D8-A640-D2CBC4A2815B} = {CE316781-13A3-4BA4-87EA-B0F2D240CA30}
		{54482139-7E95-4FA0-B274-468AF2EA4CA5} = {680BAA1B-6EB8-49D8-A640-D2CBC4A2815B}
		{F6994234-8FD4-4395-8EBE-4E50DA6A96DD} = {54482139-7E95-4FA0-B274-468AF2EA4CA5}
		{E3B7931E-02EF-4819-A837-A24A1D8B71D4} = {4ED1879A-B68C-478C-9967-314789582B04}
		{C4B27AC3-F663-47B9-BB06-982C5B66B936} = {C427BF34-024A-4592-AF7D-AB0CF7954A16}
		{6EF7409A-6518-4A5F-A3F4-E261E2BA3EB9} = {C4B27AC3-F663-47B9-BB06-982C5B66B936}
		{FD236DCE-66D3-4DC7-9597-F4B192E50137} = {C4B27AC3-F663-47B9-BB06-982C5B66B936}
		{AA49698B-80A8-4E07-821A-2D3A47C8A2DE} = {680BAA1B-6EB8-49D8-A640-D2CBC4A2815B}
		{8535CD20-78D7-4AA5-9307-DAE637ADFA58} = {AA49698B-80A8-4E07-821A-2D3A47C8A2DE}
		{CCF94FEA-43AF-4C1B-A72C-ABE5B1DC60DE} = {C4B27AC3-F663-47B9-BB06-982C5B66B936}
		{FDF506F7-41BB-430C-B86B-76A82F6DDE6B} = {C4B27AC3-F663-47B9-BB06-982C5B66B936}
		{F4DAA782-3D41-4811-BD64-43C768B0E0E8} = {4ED1879A-B68C-478C-9967-314789582B04}
	EndGlobalSection
EndGlobal
